PODS:
  - APIKit (3.1.1):
    - Result (~> 3.0)
  - Nimble (6.0.1)
  - Quick (1.0.0)
  - Result (3.1.0)

DEPENDENCIES:
  - APIKit (~> 3.0)
  - Nimble (= 6.0.1)
  - Quick (= 1.0.0)

SPEC CHECKSUMS:
  APIKit: 7460983f490d3bde6aaaaa4164d18c9865a6f91d
  Nimble: 1527fd1bd2b4cf0636251a36bc8ab37e81da8347
  Quick: 8024e4a47e6cc03a9d5245ef0948264fc6d27cff
  Result: 4e3ed5995ed94d0cd6a09be9a431fce3f3624bbf

PODFILE CHECKSUM: 122fb090048ddf844b910acf793f833564d4ba44

COCOAPODS: 1.2.0
