// !$*UTF8*$!
{
	archiveVersion = 1;
	classes = {
	};
	objectVersion = 46;
	objects = {

/* Begin PBXBuildFile section */
		AB2931DE9DD383A69E53842C /* Pods_Demo.framework in Frameworks */ = {isa = PBXBuildFile; fileRef = D5F70251928758ABC7D9C759 /* Pods_Demo.framework */; };
		CC197DD7B20A379B964FD2D7 /* Pods_DemoTests.framework in Frameworks */ = {isa = PBXBuildFile; fileRef = 515E76BA38391861B9DC4C92 /* Pods_DemoTests.framework */; };
		F880137C1DC484E8008E8FBD /* AppDelegate.swift in Sources */ = {isa = PBXBuildFile; fileRef = F880137B1DC484E8008E8FBD /* AppDelegate.swift */; };
		F880137E1DC484E8008E8FBD /* ViewController.swift in Sources */ = {isa = PBXBuildFile; fileRef = F880137D1DC484E8008E8FBD /* ViewController.swift */; };
		F88013811DC484E8008E8FBD /* Main.storyboard in Resources */ = {isa = PBXBuildFile; fileRef = F880137F1DC484E8008E8FBD /* Main.storyboard */; };
		F88013831DC484E8008E8FBD /* Assets.xcassets in Resources */ = {isa = PBXBuildFile; fileRef = F88013821DC484E8008E8FBD /* Assets.xcassets */; };
		F88013861DC484E8008E8FBD /* LaunchScreen.storyboard in Resources */ = {isa = PBXBuildFile; fileRef = F88013841DC484E8008E8FBD /* LaunchScreen.storyboard */; };
		F88013911DC484E8008E8FBD /* DemoTests.swift in Sources */ = {isa = PBXBuildFile; fileRef = F88013901DC484E8008E8FBD /* DemoTests.swift */; };
/* End PBXBuildFile section */

/* Begin PBXContainerItemProxy section */
		F880138D1DC484E8008E8FBD /* PBXContainerItemProxy */ = {
			isa = PBXContainerItemProxy;
			containerPortal = F88013701DC484E8008E8FBD /* Project object */;
			proxyType = 1;
			remoteGlobalIDString = F88013771DC484E8008E8FBD;
			remoteInfo = Demo;
		};
/* End PBXContainerItemProxy section */

/* Begin PBXFileReference section */
		16ADDE309E08F22E3F5C72E0 /* Pods-Demo.release.xcconfig */ = {isa = PBXFileReference; includeInIndex = 1; lastKnownFileType = text.xcconfig; name = "Pods-Demo.release.xcconfig"; path = "Pods/Target Support Files/Pods-Demo/Pods-Demo.release.xcconfig"; sourceTree = "<group>"; };
		3E9DC33ABDE2C042765767D5 /* Pods-DemoTests.release.xcconfig */ = {isa = PBXFileReference; includeInIndex = 1; lastKnownFileType = text.xcconfig; name = "Pods-DemoTests.release.xcconfig"; path = "Pods/Target Support Files/Pods-DemoTests/Pods-DemoTests.release.xcconfig"; sourceTree = "<group>"; };
		515E76BA38391861B9DC4C92 /* Pods_DemoTests.framework */ = {isa = PBXFileReference; explicitFileType = wrapper.framework; includeInIndex = 0; path = Pods_DemoTests.framework; sourceTree = BUILT_PRODUCTS_DIR; };
		5DE82E6841C0ABE4F044C3D9 /* Pods-Demo.debug.xcconfig */ = {isa = PBXFileReference; includeInIndex = 1; lastKnownFileType = text.xcconfig; name = "Pods-Demo.debug.xcconfig"; path = "Pods/Target Support Files/Pods-Demo/Pods-Demo.debug.xcconfig"; sourceTree = "<group>"; };
		D5F70251928758ABC7D9C759 /* Pods_Demo.framework */ = {isa = PBXFileReference; explicitFileType = wrapper.framework; includeInIndex = 0; path = Pods_Demo.framework; sourceTree = BUILT_PRODUCTS_DIR; };
		DC431511DA21978D9BEFABA1 /* Pods-DemoTests.debug.xcconfig */ = {isa = PBXFileReference; includeInIndex = 1; lastKnownFileType = text.xcconfig; name = "Pods-DemoTests.debug.xcconfig"; path = "Pods/Target Support Files/Pods-DemoTests/Pods-DemoTests.debug.xcconfig"; sourceTree = "<group>"; };
		F88013781DC484E8008E8FBD /* Demo.app */ = {isa = PBXFileReference; explicitFileType = wrapper.application; includeInIndex = 0; path = Demo.app; sourceTree = BUILT_PRODUCTS_DIR; };
		F880137B1DC484E8008E8FBD /* AppDelegate.swift */ = {isa = PBXFileReference; lastKnownFileType = sourcecode.swift; path = AppDelegate.swift; sourceTree = "<group>"; };
		F880137D1DC484E8008E8FBD /* ViewController.swift */ = {isa = PBXFileReference; lastKnownFileType = sourcecode.swift; path = ViewController.swift; sourceTree = "<group>"; };
		F88013801DC484E8008E8FBD /* Base */ = {isa = PBXFileReference; lastKnownFileType = file.storyboard; name = Base; path = Base.lproj/Main.storyboard; sourceTree = "<group>"; };
		F88013821DC484E8008E8FBD /* Assets.xcassets */ = {isa = PBXFileReference; lastKnownFileType = folder.assetcatalog; path = Assets.xcassets; sourceTree = "<group>"; };
		F88013851DC484E8008E8FBD /* Base */ = {isa = PBXFileReference; lastKnownFileType = file.storyboard; name = Base; path = Base.lproj/LaunchScreen.storyboard; sourceTree = "<group>"; };
		F88013871DC484E8008E8FBD /* Info.plist */ = {isa = PBXFileReference; lastKnownFileType = text.plist.xml; path = Info.plist; sourceTree = "<group>"; };
		F880138C1DC484E8008E8FBD /* DemoTests.xctest */ = {isa = PBXFileReference; explicitFileType = wrapper.cfbundle; includeInIndex = 0; path = DemoTests.xctest; sourceTree = BUILT_PRODUCTS_DIR; };
		F88013901DC484E8008E8FBD /* DemoTests.swift */ = {isa = PBXFileReference; lastKnownFileType = sourcecode.swift; path = DemoTests.swift; sourceTree = "<group>"; };
		F88013921DC484E8008E8FBD /* Info.plist */ = {isa = PBXFileReference; lastKnownFileType = text.plist.xml; path = Info.plist; sourceTree = "<group>"; };
/* End PBXFileReference section */

/* Begin PBXFrameworksBuildPhase section */
		F88013751DC484E8008E8FBD /* Frameworks */ = {
			isa = PBXFrameworksBuildPhase;
			buildActionMask = 2147483647;
			files = (
				AB2931DE9DD383A69E53842C /* Pods_Demo.framework in Frameworks */,
			);
			runOnlyForDeploymentPostprocessing = 0;
		};
		F88013891DC484E8008E8FBD /* Frameworks */ = {
			isa = PBXFrameworksBuildPhase;
			buildActionMask = 2147483647;
			files = (
				CC197DD7B20A379B964FD2D7 /* Pods_DemoTests.framework in Frameworks */,
			);
			runOnlyForDeploymentPostprocessing = 0;
		};
/* End PBXFrameworksBuildPhase section */

/* Begin PBXGroup section */
		3F1E1DC2F3A305365E29EF65 /* Frameworks */ = {
			isa = PBXGroup;
			children = (
				D5F70251928758ABC7D9C759 /* Pods_Demo.framework */,
				515E76BA38391861B9DC4C92 /* Pods_DemoTests.framework */,
			);
			name = Frameworks;
			sourceTree = "<group>";
		};
		5B9F19615786896EA315BFFA /* Pods */ = {
			isa = PBXGroup;
			children = (
				5DE82E6841C0ABE4F044C3D9 /* Pods-Demo.debug.xcconfig */,
				16ADDE309E08F22E3F5C72E0 /* Pods-Demo.release.xcconfig */,
				DC431511DA21978D9BEFABA1 /* Pods-DemoTests.debug.xcconfig */,
				3E9DC33ABDE2C042765767D5 /* Pods-DemoTests.release.xcconfig */,
			);
			name = Pods;
			sourceTree = "<group>";
		};
		F880136F1DC484E8008E8FBD = {
			isa = PBXGroup;
			children = (
				F880137A1DC484E8008E8FBD /* Demo */,
				F880138F1DC484E8008E8FBD /* DemoTests */,
				F88013791DC484E8008E8FBD /* Products */,
				5B9F19615786896EA315BFFA /* Pods */,
				3F1E1DC2F3A305365E29EF65 /* Frameworks */,
			);
			sourceTree = "<group>";
		};
		F88013791DC484E8008E8FBD /* Products */ = {
			isa = PBXGroup;
			children = (
				F88013781DC484E8008E8FBD /* Demo.app */,
				F880138C1DC484E8008E8FBD /* DemoTests.xctest */,
			);
			name = Products;
			sourceTree = "<group>";
		};
		F880137A1DC484E8008E8FBD /* Demo */ = {
			isa = PBXGroup;
			children = (
				F880137B1DC484E8008E8FBD /* AppDelegate.swift */,
				F880137D1DC484E8008E8FBD /* ViewController.swift */,
				F880137F1DC484E8008E8FBD /* Main.storyboard */,
				F88013821DC484E8008E8FBD /* Assets.xcassets */,
				F88013841DC484E8008E8FBD /* LaunchScreen.storyboard */,
				F88013871DC484E8008E8FBD /* Info.plist */,
			);
			path = Demo;
			sourceTree = "<group>";
		};
		F880138F1DC484E8008E8FBD /* DemoTests */ = {
			isa = PBXGroup;
			children = (
				F88013901DC484E8008E8FBD /* DemoTests.swift */,
				F88013921DC484E8008E8FBD /* Info.plist */,
			);
			path = DemoTests;
			sourceTree = "<group>";
		};
/* End PBXGroup section */

/* Begin PBXNativeTarget section */
		F88013771DC484E8008E8FBD /* Demo */ = {
			isa = PBXNativeTarget;
			buildConfigurationList = F88013951DC484E8008E8FBD /* Build configuration list for PBXNativeTarget "Demo" */;
			buildPhases = (
				53AEAEE91EB848DB4869DF2A /* [CP] Check Pods Manifest.lock */,
				F88013741DC484E8008E8FBD /* Sources */,
				F88013751DC484E8008E8FBD /* Frameworks */,
				F88013761DC484E8008E8FBD /* Resources */,
				C63BF90E2A0EDDAC2EF2D962 /* [CP] Embed Pods Frameworks */,
				5A04D9CCEA58C16A76965727 /* [CP] Copy Pods Resources */,
			);
			buildRules = (
			);
			dependencies = (
			);
			name = Demo;
			productName = Demo;
			productReference = F88013781DC484E8008E8FBD /* Demo.app */;
			productType = "com.apple.product-type.application";
		};
		F880138B1DC484E8008E8FBD /* DemoTests */ = {
			isa = PBXNativeTarget;
			buildConfigurationList = F88013981DC484E8008E8FBD /* Build configuration list for PBXNativeTarget "DemoTests" */;
			buildPhases = (
				4350F87B432DE2B0E0FB7471 /* [CP] Check Pods Manifest.lock */,
				F88013881DC484E8008E8FBD /* Sources */,
				F88013891DC484E8008E8FBD /* Frameworks */,
				F880138A1DC484E8008E8FBD /* Resources */,
				5F3951EEA27BC5881FB8E3BA /* [CP] Embed Pods Frameworks */,
				FCFF6A2D59B158C52909C7B2 /* [CP] Copy Pods Resources */,
			);
			buildRules = (
			);
			dependencies = (
				F880138E1DC484E8008E8FBD /* PBXTargetDependency */,
			);
			name = DemoTests;
			productName = DemoTests;
			productReference = F880138C1DC484E8008E8FBD /* DemoTests.xctest */;
			productType = "com.apple.product-type.bundle.unit-test";
		};
/* End PBXNativeTarget section */

/* Begin PBXProject section */
		F88013701DC484E8008E8FBD /* Project object */ = {
			isa = PBXProject;
			attributes = {
				LastSwiftUpdateCheck = 0800;
				LastUpgradeCheck = 0820;
				ORGANIZATIONNAME = simorgh;
				TargetAttributes = {
					F88013771DC484E8008E8FBD = {
						CreatedOnToolsVersion = 8.0;
						DevelopmentTeam = Y2WQFRLVJG;
						ProvisioningStyle = Automatic;
					};
					F880138B1DC484E8008E8FBD = {
						CreatedOnToolsVersion = 8.0;
						ProvisioningStyle = Automatic;
						TestTargetID = F88013771DC484E8008E8FBD;
					};
				};
			};
			buildConfigurationList = F88013731DC484E8008E8FBD /* Build configuration list for PBXProject "Demo" */;
			compatibilityVersion = "Xcode 3.2";
			developmentRegion = English;
			hasScannedForEncodings = 0;
			knownRegions = (
				en,
				Base,
			);
			mainGroup = F880136F1DC484E8008E8FBD;
			productRefGroup = F88013791DC484E8008E8FBD /* Products */;
			projectDirPath = "";
			projectRoot = "";
			targets = (
				F88013771DC484E8008E8FBD /* Demo */,
				F880138B1DC484E8008E8FBD /* DemoTests */,
			);
		};
/* End PBXProject section */

/* Begin PBXResourcesBuildPhase section */
		F88013761DC484E8008E8FBD /* Resources */ = {
			isa = PBXResourcesBuildPhase;
			buildActionMask = 2147483647;
			files = (
				F88013861DC484E8008E8FBD /* LaunchScreen.storyboard in Resources */,
				F88013831DC484E8008E8FBD /* Assets.xcassets in Resources */,
				F88013811DC484E8008E8FBD /* Main.storyboard in Resources */,
			);
			runOnlyForDeploymentPostprocessing = 0;
		};
		F880138A1DC484E8008E8FBD /* Resources */ = {
			isa = PBXResourcesBuildPhase;
			buildActionMask = 2147483647;
			files = (
			);
			runOnlyForDeploymentPostprocessing = 0;
		};
/* End PBXResourcesBuildPhase section */

/* Begin PBXShellScriptBuildPhase section */
		4350F87B432DE2B0E0FB7471 /* [CP] Check Pods Manifest.lock */ = {
			isa = PBXShellScriptBuildPhase;
			buildActionMask = 2147483647;
			files = (
			);
			inputPaths = (
			);
			name = "[CP] Check Pods Manifest.lock";
			outputPaths = (
			);
			runOnlyForDeploymentPostprocessing = 0;
			shellPath = /bin/sh;
			shellScript = "diff \"${PODS_ROOT}/../Podfile.lock\" \"${PODS_ROOT}/Manifest.lock\" > /dev/null\nif [ $? != 0 ] ; then\n    # print error to STDERR\n    echo \"error: The sandbox is not in sync with the Podfile.lock. Run 'pod install' or update your CocoaPods installation.\" >&2\n    exit 1\nfi\n";
			showEnvVarsInLog = 0;
		};
		53AEAEE91EB848DB4869DF2A /* [CP] Check Pods Manifest.lock */ = {
			isa = PBXShellScriptBuildPhase;
			buildActionMask = 2147483647;
			files = (
			);
			inputPaths = (
			);
			name = "[CP] Check Pods Manifest.lock";
			outputPaths = (
			);
			runOnlyForDeploymentPostprocessing = 0;
			shellPath = /bin/sh;
			shellScript = "diff \"${PODS_ROOT}/../Podfile.lock\" \"${PODS_ROOT}/Manifest.lock\" > /dev/null\nif [ $? != 0 ] ; then\n    # print error to STDERR\n    echo \"error: The sandbox is not in sync with the Podfile.lock. Run 'pod install' or update your CocoaPods installation.\" >&2\n    exit 1\nfi\n";
			showEnvVarsInLog = 0;
		};
		5A04D9CCEA58C16A76965727 /* [CP] Copy Pods Resources */ = {
			isa = PBXShellScriptBuildPhase;
			buildActionMask = 2147483647;
			files = (
			);
			inputPaths = (
			);
			name = "[CP] Copy Pods Resources";
			outputPaths = (
			);
			runOnlyForDeploymentPostprocessing = 0;
			shellPath = /bin/sh;
			shellScript = "\"${SRCROOT}/Pods/Target Support Files/Pods-Demo/Pods-Demo-resources.sh\"\n";
			showEnvVarsInLog = 0;
		};
		5F3951EEA27BC5881FB8E3BA /* [CP] Embed Pods Frameworks */ = {
			isa = PBXShellScriptBuildPhase;
			buildActionMask = 2147483647;
			files = (
			);
			inputPaths = (
			);
			name = "[CP] Embed Pods Frameworks";
			outputPaths = (
			);
			runOnlyForDeploymentPostprocessing = 0;
			shellPath = /bin/sh;
			shellScript = "\"${SRCROOT}/Pods/Target Support Files/Pods-DemoTests/Pods-DemoTests-frameworks.sh\"\n";
			showEnvVarsInLog = 0;
		};
		C63BF90E2A0EDDAC2EF2D962 /* [CP] Embed Pods Frameworks */ = {
			isa = PBXShellScriptBuildPhase;
			buildActionMask = 2147483647;
			files = (
			);
			inputPaths = (
			);
			name = "[CP] Embed Pods Frameworks";
			outputPaths = (
			);
			runOnlyForDeploymentPostprocessing = 0;
			shellPath = /bin/sh;
			shellScript = "\"${SRCROOT}/Pods/Target Support Files/Pods-Demo/Pods-Demo-frameworks.sh\"\n";
			showEnvVarsInLog = 0;
		};
		FCFF6A2D59B158C52909C7B2 /* [CP] Copy Pods Resources */ = {
			isa = PBXShellScriptBuildPhase;
			buildActionMask = 2147483647;
			files = (
			);
			inputPaths = (
			);
			name = "[CP] Copy Pods Resources";
			outputPaths = (
			);
			runOnlyForDeploymentPostprocessing = 0;
			shellPath = /bin/sh;
			shellScript = "\"${SRCROOT}/Pods/Target Support Files/Pods-DemoTests/Pods-DemoTests-resources.sh\"\n";
			showEnvVarsInLog = 0;
		};
/* End PBXShellScriptBuildPhase section */

/* Begin PBXSourcesBuildPhase section */
		F88013741DC484E8008E8FBD /* Sources */ = {
			isa = PBXSourcesBuildPhase;
			buildActionMask = 2147483647;
			files = (
				F880137E1DC484E8008E8FBD /* ViewController.swift in Sources */,
				F880137C1DC484E8008E8FBD /* AppDelegate.swift in Sources */,
			);
			runOnlyForDeploymentPostprocessing = 0;
		};
		F88013881DC484E8008E8FBD /* Sources */ = {
			isa = PBXSourcesBuildPhase;
			buildActionMask = 2147483647;
			files = (
				F88013911DC484E8008E8FBD /* DemoTests.swift in Sources */,
			);
			runOnlyForDeploymentPostprocessing = 0;
		};
/* End PBXSourcesBuildPhase section */

/* Begin PBXTargetDependency section */
		F880138E1DC484E8008E8FBD /* PBXTargetDependency */ = {
			isa = PBXTargetDependency;
			target = F88013771DC484E8008E8FBD /* Demo */;
			targetProxy = F880138D1DC484E8008E8FBD /* PBXContainerItemProxy */;
		};
/* End PBXTargetDependency section */

/* Begin PBXVariantGroup section */
		F880137F1DC484E8008E8FBD /* Main.storyboard */ = {
			isa = PBXVariantGroup;
			children = (
				F88013801DC484E8008E8FBD /* Base */,
			);
			name = Main.storyboard;
			sourceTree = "<group>";
		};
		F88013841DC484E8008E8FBD /* LaunchScreen.storyboard */ = {
			isa = PBXVariantGroup;
			children = (
				F88013851DC484E8008E8FBD /* Base */,
			);
			name = LaunchScreen.storyboard;
			sourceTree = "<group>";
		};
/* End PBXVariantGroup section */

/* Begin XCBuildConfiguration section */
		F88013931DC484E8008E8FBD /* Debug */ = {
			isa = XCBuildConfiguration;
			buildSettings = {
				ALWAYS_SEARCH_USER_PATHS = NO;
				CLANG_ANALYZER_NONNULL = YES;
				CLANG_CXX_LANGUAGE_STANDARD = "gnu++0x";
				CLANG_CXX_LIBRARY = "libc++";
				CLANG_ENABLE_MODULES = YES;
				CLANG_ENABLE_OBJC_ARC = YES;
				CLANG_WARN_BOOL_CONVERSION = YES;
				CLANG_WARN_CONSTANT_CONVERSION = YES;
				CLANG_WARN_DIRECT_OBJC_ISA_USAGE = YES_ERROR;
				CLANG_WARN_DOCUMENTATION_COMMENTS = YES;
				CLANG_WARN_EMPTY_BODY = YES;
				CLANG_WARN_ENUM_CONVERSION = YES;
				CLANG_WARN_INFINITE_RECURSION = YES;
				CLANG_WARN_INT_CONVERSION = YES;
				CLANG_WARN_OBJC_ROOT_CLASS = YES_ERROR;
				CLANG_WARN_SUSPICIOUS_MOVE = YES;
				CLANG_WARN_SUSPICIOUS_MOVES = YES;
				CLANG_WARN_UNREACHABLE_CODE = YES;
				CLANG_WARN__DUPLICATE_METHOD_MATCH = YES;
				"CODE_SIGN_IDENTITY[sdk=iphoneos*]" = "iPhone Developer";
				COPY_PHASE_STRIP = NO;
				DEBUG_INFORMATION_FORMAT = dwarf;
				ENABLE_STRICT_OBJC_MSGSEND = YES;
				ENABLE_TESTABILITY = YES;
				GCC_C_LANGUAGE_STANDARD = gnu99;
				GCC_DYNAMIC_NO_PIC = NO;
				GCC_NO_COMMON_BLOCKS = YES;
				GCC_OPTIMIZATION_LEVEL = 0;
				GCC_PREPROCESSOR_DEFINITIONS = (
					"DEBUG=1",
					"$(inherited)",
				);
				GCC_WARN_64_TO_32_BIT_CONVERSION = YES;
				GCC_WARN_ABOUT_RETURN_TYPE = YES_ERROR;
				GCC_WARN_UNDECLARED_SELECTOR = YES;
				GCC_WARN_UNINITIALIZED_AUTOS = YES_AGGRESSIVE;
				GCC_WARN_UNUSED_FUNCTION = YES;
				GCC_WARN_UNUSED_VARIABLE = YES;
				IPHONEOS_DEPLOYMENT_TARGET = 9.0;
				MTL_ENABLE_DEBUG_INFO = YES;
				ONLY_ACTIVE_ARCH = YES;
				SDKROOT = iphoneos;
				SWIFT_ACTIVE_COMPILATION_CONDITIONS = DEBUG;
				SWIFT_OPTIMIZATION_LEVEL = "-Onone";
			};
			name = Debug;
		};
		F88013941DC484E8008E8FBD /* Release */ = {
			isa = XCBuildConfiguration;
			buildSettings = {
				ALWAYS_SEARCH_USER_PATHS = NO;
				CLANG_ANALYZER_NONNULL = YES;
				CLANG_CXX_LANGUAGE_STANDARD = "gnu++0x";
				CLANG_CXX_LIBRARY = "libc++";
				CLANG_ENABLE_MODULES = YES;
				CLANG_ENABLE_OBJC_ARC = YES;
				CLANG_WARN_BOOL_CONVERSION = YES;
				CLANG_WARN_CONSTANT_CONVERSION = YES;
				CLANG_WARN_DIRECT_OBJC_ISA_USAGE = YES_ERROR;
				CLANG_WARN_DOCUMENTATION_COMMENTS = YES;
				CLANG_WARN_EMPTY_BODY = YES;
				CLANG_WARN_ENUM_CONVERSION = YES;
				CLANG_WARN_INFINITE_RECURSION = YES;
				CLANG_WARN_INT_CONVERSION = YES;
				CLANG_WARN_OBJC_ROOT_CLASS = YES_ERROR;
				CLANG_WARN_SUSPICIOUS_MOVE = YES;
				CLANG_WARN_SUSPICIOUS_MOVES = YES;
				CLANG_WARN_UNREACHABLE_CODE = YES;
				CLANG_WARN__DUPLICATE_METHOD_MATCH = YES;
				"CODE_SIGN_IDENTITY[sdk=iphoneos*]" = "iPhone Developer";
				COPY_PHASE_STRIP = NO;
				DEBUG_INFORMATION_FORMAT = "dwarf-with-dsym";
				ENABLE_NS_ASSERTIONS = NO;
				ENABLE_STRICT_OBJC_MSGSEND = YES;
				GCC_C_LANGUAGE_STANDARD = gnu99;
				GCC_NO_COMMON_BLOCKS = YES;
				GCC_WARN_64_TO_32_BIT_CONVERSION = YES;
				GCC_WARN_ABOUT_RETURN_TYPE = YES_ERROR;
				GCC_WARN_UNDECLARED_SELECTOR = YES;
				GCC_WARN_UNINITIALIZED_AUTOS = YES_AGGRESSIVE;
				GCC_WARN_UNUSED_FUNCTION = YES;
				GCC_WARN_UNUSED_VARIABLE = YES;
				IPHONEOS_DEPLOYMENT_TARGET = 9.0;
				MTL_ENABLE_DEBUG_INFO = NO;
				SDKROOT = iphoneos;
				SWIFT_OPTIMIZATION_LEVEL = "-Owholemodule";
				VALIDATE_PRODUCT = YES;
			};
			name = Release;
		};
		F88013961DC484E8008E8FBD /* Debug */ = {
			isa = XCBuildConfiguration;
			baseConfigurationReference = 5DE82E6841C0ABE4F044C3D9 /* Pods-Demo.debug.xcconfig */;
			buildSettings = {
				ASSETCATALOG_COMPILER_APPICON_NAME = AppIcon;
				DEVELOPMENT_TEAM = Y2WQFRLVJG;
				INFOPLIST_FILE = Demo/Info.plist;
				IPHONEOS_DEPLOYMENT_TARGET = 9.0;
				LD_RUNPATH_SEARCH_PATHS = "$(inherited) @executable_path/Frameworks";
				PRODUCT_BUNDLE_IDENTIFIER = com.simorgh3196.TwifterDemo;
				PRODUCT_NAME = "$(TARGET_NAME)";
				SWIFT_VERSION = 3.0;
			};
			name = Debug;
		};
		F88013971DC484E8008E8FBD /* Release */ = {
			isa = XCBuildConfiguration;
			baseConfigurationReference = 16ADDE309E08F22E3F5C72E0 /* Pods-Demo.release.xcconfig */;
			buildSettings = {
				ASSETCATALOG_COMPILER_APPICON_NAME = AppIcon;
				DEVELOPMENT_TEAM = Y2WQFRLVJG;
				INFOPLIST_FILE = Demo/Info.plist;
				IPHONEOS_DEPLOYMENT_TARGET = 9.0;
				LD_RUNPATH_SEARCH_PATHS = "$(inherited) @executable_path/Frameworks";
				PRODUCT_BUNDLE_IDENTIFIER = com.simorgh3196.TwifterDemo;
				PRODUCT_NAME = "$(TARGET_NAME)";
				SWIFT_VERSION = 3.0;
			};
			name = Release;
		};
		F88013991DC484E8008E8FBD /* Debug */ = {
			isa = XCBuildConfiguration;
			baseConfigurationReference = DC431511DA21978D9BEFABA1 /* Pods-DemoTests.debug.xcconfig */;
			buildSettings = {
				ALWAYS_EMBED_SWIFT_STANDARD_LIBRARIES = YES;
				BUNDLE_LOADER = "$(TEST_HOST)";
				INFOPLIST_FILE = DemoTests/Info.plist;
				LD_RUNPATH_SEARCH_PATHS = "$(inherited) @executable_path/Frameworks @loader_path/Frameworks";
				PRODUCT_BUNDLE_IDENTIFIER = com.simorgh.DemoTests;
				PRODUCT_NAME = "$(TARGET_NAME)";
				SWIFT_VERSION = 3.0;
				TEST_HOST = "$(BUILT_PRODUCTS_DIR)/Demo.app/Demo";
			};
			name = Debug;
		};
		F880139A1DC484E8008E8FBD /* Release */ = {
			isa = XCBuildConfiguration;
			baseConfigurationReference = 3E9DC33ABDE2C042765767D5 /* Pods-DemoTests.release.xcconfig */;
			buildSettings = {
				ALWAYS_EMBED_SWIFT_STANDARD_LIBRARIES = YES;
				BUNDLE_LOADER = "$(TEST_HOST)";
				INFOPLIST_FILE = DemoTests/Info.plist;
				LD_RUNPATH_SEARCH_PATHS = "$(inherited) @executable_path/Frameworks @loader_path/Frameworks";
				PRODUCT_BUNDLE_IDENTIFIER = com.simorgh.DemoTests;
				PRODUCT_NAME = "$(TARGET_NAME)";
				SWIFT_VERSION = 3.0;
				TEST_HOST = "$(BUILT_PRODUCTS_DIR)/Demo.app/Demo";
			};
			name = Release;
		};
/* End XCBuildConfiguration section */

/* Begin XCConfigurationList section */
		F88013731DC484E8008E8FBD /* Build configuration list for PBXProject "Demo" */ = {
			isa = XCConfigurationList;
			buildConfigurations = (
				F88013931DC484E8008E8FBD /* Debug */,
				F88013941DC484E8008E8FBD /* Release */,
			);
			defaultConfigurationIsVisible = 0;
			defaultConfigurationName = Release;
		};
		F88013951DC484E8008E8FBD /* Build configuration list for PBXNativeTarget "Demo" */ = {
			isa = XCConfigurationList;
			buildConfigurations = (
				F88013961DC484E8008E8FBD /* Debug */,
				F88013971DC484E8008E8FBD /* Release */,
			);
			defaultConfigurationIsVisible = 0;
			defaultConfigurationName = Release;
		};
		F88013981DC484E8008E8FBD /* Build configuration list for PBXNativeTarget "DemoTests" */ = {
			isa = XCConfigurationList;
			buildConfigurations = (
				F88013991DC484E8008E8FBD /* Debug */,
				F880139A1DC484E8008E8FBD /* Release */,
			);
			defaultConfigurationIsVisible = 0;
			defaultConfigurationName = Release;
		};
/* End XCConfigurationList section */
	};
	rootObject = F88013701DC484E8008E8FBD /* Project object */;
}
